// !$*UTF8*$!
{
	archiveVersion = 1;
	classes = {
	};
	objectVersion = 56;
	objects = {

/* Begin PBXBuildFile section */
		A7664B8547073107E5D55C74 /* Pods_AnimationChanger.framework in Frameworks */ = {isa = PBXBuildFile; fileRef = 3CE6CBED981CEAF5BF7FDB5F /* Pods_AnimationChanger.framework */; };
		CA1392B929F27A4D0011F734 /* Extension + UIButton.swift in Sources */ = {isa = PBXBuildFile; fileRef = CA1392B829F27A4D0011F734 /* Extension + UIButton.swift */; };
		CA790E6F29F1710700F41E4B /* AppDelegate.swift in Sources */ = {isa = PBXBuildFile; fileRef = CA790E6E29F1710700F41E4B /* AppDelegate.swift */; };
		CA790E7129F1710700F41E4B /* SceneDelegate.swift in Sources */ = {isa = PBXBuildFile; fileRef = CA790E7029F1710700F41E4B /* SceneDelegate.swift */; };
		CA790E7329F1710700F41E4B /* ViewController.swift in Sources */ = {isa = PBXBuildFile; fileRef = CA790E7229F1710700F41E4B /* ViewController.swift */; };
		CA790E7629F1710700F41E4B /* Main.storyboard in Resources */ = {isa = PBXBuildFile; fileRef = CA790E7429F1710700F41E4B /* Main.storyboard */; };
		CA790E7829F1710800F41E4B /* Assets.xcassets in Resources */ = {isa = PBXBuildFile; fileRef = CA790E7729F1710800F41E4B /* Assets.xcassets */; };
		CA790E7B29F1710800F41E4B /* LaunchScreen.storyboard in Resources */ = {isa = PBXBuildFile; fileRef = CA790E7929F1710800F41E4B /* LaunchScreen.storyboard */; };
/* End PBXBuildFile section */

/* Begin PBXFileReference section */
		3CE6CBED981CEAF5BF7FDB5F /* Pods_AnimationChanger.framework */ = {isa = PBXFileReference; explicitFileType = wrapper.framework; includeInIndex = 0; path = Pods_AnimationChanger.framework; sourceTree = BUILT_PRODUCTS_DIR; };
		5245AB2D01EAABB1F134A468 /* Pods-AnimationChanger.release.xcconfig */ = {isa = PBXFileReference; includeInIndex = 1; lastKnownFileType = text.xcconfig; name = "Pods-AnimationChanger.release.xcconfig"; path = "Target Support Files/Pods-AnimationChanger/Pods-AnimationChanger.release.xcconfig"; sourceTree = "<group>"; };
		94E69AF74A6172C9A705BFE9 /* Pods-AnimationChanger.debug.xcconfig */ = {isa = PBXFileReference; includeInIndex = 1; lastKnownFileType = text.xcconfig; name = "Pods-AnimationChanger.debug.xcconfig"; path = "Target Support Files/Pods-AnimationChanger/Pods-AnimationChanger.debug.xcconfig"; sourceTree = "<group>"; };
		CA1392B829F27A4D0011F734 /* Extension + UIButton.swift */ = {isa = PBXFileReference; lastKnownFileType = sourcecode.swift; path = "Extension + UIButton.swift"; sourceTree = "<group>"; };
		CA790E6B29F1710700F41E4B /* AnimationChanger.app */ = {isa = PBXFileReference; explicitFileType = wrapper.application; includeInIndex = 0; path = AnimationChanger.app; sourceTree = BUILT_PRODUCTS_DIR; };
		CA790E6E29F1710700F41E4B /* AppDelegate.swift */ = {isa = PBXFileReference; lastKnownFileType = sourcecode.swift; path = AppDelegate.swift; sourceTree = "<group>"; };
		CA790E7029F1710700F41E4B /* SceneDelegate.swift */ = {isa = PBXFileReference; lastKnownFileType = sourcecode.swift; path = SceneDelegate.swift; sourceTree = "<group>"; };
		CA790E7229F1710700F41E4B /* ViewController.swift */ = {isa = PBXFileReference; lastKnownFileType = sourcecode.swift; path = ViewController.swift; sourceTree = "<group>"; };
		CA790E7529F1710700F41E4B /* Base */ = {isa = PBXFileReference; lastKnownFileType = file.storyboard; name = Base; path = Base.lproj/Main.storyboard; sourceTree = "<group>"; };
		CA790E7729F1710800F41E4B /* Assets.xcassets */ = {isa = PBXFileReference; lastKnownFileType = folder.assetcatalog; path = Assets.xcassets; sourceTree = "<group>"; };
		CA790E7A29F1710800F41E4B /* Base */ = {isa = PBXFileReference; lastKnownFileType = file.storyboard; name = Base; path = Base.lproj/LaunchScreen.storyboard; sourceTree = "<group>"; };
		CA790E7C29F1710800F41E4B /* Info.plist */ = {isa = PBXFileReference; lastKnownFileType = text.plist.xml; path = Info.plist; sourceTree = "<group>"; };
/* End PBXFileReference section */

/* Begin PBXFrameworksBuildPhase section */
		CA790E6829F1710700F41E4B /* Frameworks */ = {
			isa = PBXFrameworksBuildPhase;
			buildActionMask = 2147483647;
			files = (
				A7664B8547073107E5D55C74 /* Pods_AnimationChanger.framework in Frameworks */,
			);
			runOnlyForDeploymentPostprocessing = 0;
		};
/* End PBXFrameworksBuildPhase section */

/* Begin PBXGroup section */
		3CA6D6328B8CC59F12A6DC7B /* Pods */ = {
			isa = PBXGroup;
			children = (
				94E69AF74A6172C9A705BFE9 /* Pods-AnimationChanger.debug.xcconfig */,
				5245AB2D01EAABB1F134A468 /* Pods-AnimationChanger.release.xcconfig */,
			);
			path = Pods;
			sourceTree = "<group>";
		};
		80BBB8D65C8273FAFAE98069 /* Frameworks */ = {
			isa = PBXGroup;
			children = (
				3CE6CBED981CEAF5BF7FDB5F /* Pods_AnimationChanger.framework */,
			);
			name = Frameworks;
			sourceTree = "<group>";
		};
		CA43248129F2428A002E2168 /* Support Files */ = {
			isa = PBXGroup;
			children = (
				CA790E6E29F1710700F41E4B /* AppDelegate.swift */,
				CA790E7029F1710700F41E4B /* SceneDelegate.swift */,
				CA790E7C29F1710800F41E4B /* Info.plist */,
			);
			path = "Support Files";
			sourceTree = "<group>";
		};
		CA43248229F242BA002E2168 /* View Controllers */ = {
			isa = PBXGroup;
			children = (
				CA790E7229F1710700F41E4B /* ViewController.swift */,
			);
			path = "View Controllers";
			sourceTree = "<group>";
		};
		CA43248329F242CA002E2168 /* Models */ = {
			isa = PBXGroup;
			children = (
				CA790E7729F1710800F41E4B /* Assets.xcassets */,
				CA1392B829F27A4D0011F734 /* Extension + UIButton.swift */,
			);
			path = Models;
			sourceTree = "<group>";
		};
		CA43248429F242D2002E2168 /* Storyboards */ = {
			isa = PBXGroup;
			children = (
				CA790E7429F1710700F41E4B /* Main.storyboard */,
				CA790E7929F1710800F41E4B /* LaunchScreen.storyboard */,
			);
			path = Storyboards;
			sourceTree = "<group>";
		};
		CA790E6229F1710700F41E4B = {
			isa = PBXGroup;
			children = (
				CA790E6D29F1710700F41E4B /* AnimationChanger */,
				CA790E6C29F1710700F41E4B /* Products */,
				3CA6D6328B8CC59F12A6DC7B /* Pods */,
				80BBB8D65C8273FAFAE98069 /* Frameworks */,
			);
			sourceTree = "<group>";
		};
		CA790E6C29F1710700F41E4B /* Products */ = {
			isa = PBXGroup;
			children = (
				CA790E6B29F1710700F41E4B /* AnimationChanger.app */,
			);
			name = Products;
			sourceTree = "<group>";
		};
		CA790E6D29F1710700F41E4B /* AnimationChanger */ = {
			isa = PBXGroup;
			children = (
				CA43248129F2428A002E2168 /* Support Files */,
				CA43248229F242BA002E2168 /* View Controllers */,
				CA43248429F242D2002E2168 /* Storyboards */,
				CA43248329F242CA002E2168 /* Models */,
			);
			path = AnimationChanger;
			sourceTree = "<group>";
		};
/* End PBXGroup section */

/* Begin PBXNativeTarget section */
		CA790E6A29F1710700F41E4B /* AnimationChanger */ = {
			isa = PBXNativeTarget;
			buildConfigurationList = CA790E7F29F1710800F41E4B /* Build configuration list for PBXNativeTarget "AnimationChanger" */;
			buildPhases = (
				E55E6475E701C06638A1F256 /* [CP] Check Pods Manifest.lock */,
				CA790E6729F1710700F41E4B /* Sources */,
				CA790E6829F1710700F41E4B /* Frameworks */,
				CA790E6929F1710700F41E4B /* Resources */,
				A5F07517DCD5FBB710FAAF37 /* [CP] Embed Pods Frameworks */,
			);
			buildRules = (
			);
			dependencies = (
			);
			name = AnimationChanger;
			productName = AnimationChanger;
			productReference = CA790E6B29F1710700F41E4B /* AnimationChanger.app */;
			productType = "com.apple.product-type.application";
		};
/* End PBXNativeTarget section */

/* Begin PBXProject section */
		CA790E6329F1710700F41E4B /* Project object */ = {
			isa = PBXProject;
			attributes = {
				BuildIndependentTargetsInParallel = 1;
				LastSwiftUpdateCheck = 1430;
				LastUpgradeCheck = 1430;
				TargetAttributes = {
					CA790E6A29F1710700F41E4B = {
						CreatedOnToolsVersion = 14.3;
					};
				};
			};
			buildConfigurationList = CA790E6629F1710700F41E4B /* Build configuration list for PBXProject "AnimationChanger" */;
			compatibilityVersion = "Xcode 14.0";
			developmentRegion = en;
			hasScannedForEncodings = 0;
			knownRegions = (
				en,
				Base,
			);
			mainGroup = CA790E6229F1710700F41E4B;
			productRefGroup = CA790E6C29F1710700F41E4B /* Products */;
			projectDirPath = "";
			projectRoot = "";
			targets = (
				CA790E6A29F1710700F41E4B /* AnimationChanger */,
			);
		};
/* End PBXProject section */

/* Begin PBXResourcesBuildPhase section */
		CA790E6929F1710700F41E4B /* Resources */ = {
			isa = PBXResourcesBuildPhase;
			buildActionMask = 2147483647;
			files = (
				CA790E7B29F1710800F41E4B /* LaunchScreen.storyboard in Resources */,
				CA790E7829F1710800F41E4B /* Assets.xcassets in Resources */,
				CA790E7629F1710700F41E4B /* Main.storyboard in Resources */,
			);
			runOnlyForDeploymentPostprocessing = 0;
		};
/* End PBXResourcesBuildPhase section */

/* Begin PBXShellScriptBuildPhase section */
		A5F07517DCD5FBB710FAAF37 /* [CP] Embed Pods Frameworks */ = {
			isa = PBXShellScriptBuildPhase;
			buildActionMask = 2147483647;
			files = (
			);
			inputFileListPaths = (
				"${PODS_ROOT}/Target Support Files/Pods-AnimationChanger/Pods-AnimationChanger-frameworks-${CONFIGURATION}-input-files.xcfilelist",
			);
			name = "[CP] Embed Pods Frameworks";
			outputFileListPaths = (
				"${PODS_ROOT}/Target Support Files/Pods-AnimationChanger/Pods-AnimationChanger-frameworks-${CONFIGURATION}-output-files.xcfilelist",
			);
			runOnlyForDeploymentPostprocessing = 0;
			shellPath = /bin/sh;
			shellScript = "\"${PODS_ROOT}/Target Support Files/Pods-AnimationChanger/Pods-AnimationChanger-frameworks.sh\"\n";
			showEnvVarsInLog = 0;
		};
		E55E6475E701C06638A1F256 /* [CP] Check Pods Manifest.lock */ = {
			isa = PBXShellScriptBuildPhase;
			buildActionMask = 2147483647;
			files = (
			);
			inputFileListPaths = (
			);
			inputPaths = (
				"${PODS_PODFILE_DIR_PATH}/Podfile.lock",
				"${PODS_ROOT}/Manifest.lock",
			);
			name = "[CP] Check Pods Manifest.lock";
			outputFileListPaths = (
			);
			outputPaths = (
				"$(DERIVED_FILE_DIR)/Pods-AnimationChanger-checkManifestLockResult.txt",
			);
			runOnlyForDeploymentPostprocessing = 0;
			shellPath = /bin/sh;
			shellScript = "diff \"${PODS_PODFILE_DIR_PATH}/Podfile.lock\" \"${PODS_ROOT}/Manifest.lock\" > /dev/null\nif [ $? != 0 ] ; then\n    # print error to STDERR\n    echo \"error: The sandbox is not in sync with the Podfile.lock. Run 'pod install' or update your CocoaPods installation.\" >&2\n    exit 1\nfi\n# This output is used by Xcode 'outputs' to avoid re-running this script phase.\necho \"SUCCESS\" > \"${SCRIPT_OUTPUT_FILE_0}\"\n";
			showEnvVarsInLog = 0;
		};
/* End PBXShellScriptBuildPhase section */

/* Begin PBXSourcesBuildPhase section */
		CA790E6729F1710700F41E4B /* Sources */ = {
			isa = PBXSourcesBuildPhase;
			buildActionMask = 2147483647;
			files = (
				CA790E7329F1710700F41E4B /* ViewController.swift in Sources */,
				CA790E6F29F1710700F41E4B /* AppDelegate.swift in Sources */,
				CA790E7129F1710700F41E4B /* SceneDelegate.swift in Sources */,
				CA1392B929F27A4D0011F734 /* Extension + UIButton.swift in Sources */,
			);
			runOnlyForDeploymentPostprocessing = 0;
		};
/* End PBXSourcesBuildPhase section */

/* Begin PBXVariantGroup section */
		CA790E7429F1710700F41E4B /* Main.storyboard */ = {
			isa = PBXVariantGroup;
			children = (
				CA790E7529F1710700F41E4B /* Base */,
			);
			name = Main.storyboard;
			sourceTree = "<group>";
		};
		CA790E7929F1710800F41E4B /* LaunchScreen.storyboard */ = {
			isa = PBXVariantGroup;
			children = (
				CA790E7A29F1710800F41E4B /* Base */,
			);
			name = LaunchScreen.storyboard;
			sourceTree = "<group>";
		};
/* End PBXVariantGroup section */

/* Begin XCBuildConfiguration section */
		CA790E7D29F1710800F41E4B /* Debug */ = {
			isa = XCBuildConfiguration;
			buildSettings = {
				ALWAYS_SEARCH_USER_PATHS = NO;
				CLANG_ANALYZER_NONNULL = YES;
				CLANG_ANALYZER_NUMBER_OBJECT_CONVERSION = YES_AGGRESSIVE;
				CLANG_CXX_LANGUAGE_STANDARD = "gnu++20";
				CLANG_ENABLE_MODULES = YES;
				CLANG_ENABLE_OBJC_ARC = YES;
				CLANG_ENABLE_OBJC_WEAK = YES;
				CLANG_WARN_BLOCK_CAPTURE_AUTORELEASING = YES;
				CLANG_WARN_BOOL_CONVERSION = YES;
				CLANG_WARN_COMMA = YES;
				CLANG_WARN_CONSTANT_CONVERSION = YES;
				CLANG_WARN_DEPRECATED_OBJC_IMPLEMENTATIONS = YES;
				CLANG_WARN_DIRECT_OBJC_ISA_USAGE = YES_ERROR;
				CLANG_WARN_DOCUMENTATION_COMMENTS = YES;
				CLANG_WARN_EMPTY_BODY = YES;
				CLANG_WARN_ENUM_CONVERSION = YES;
				CLANG_WARN_INFINITE_RECURSION = YES;
				CLANG_WARN_INT_CONVERSION = YES;
				CLANG_WARN_NON_LITERAL_NULL_CONVERSION = YES;
				CLANG_WARN_OBJC_IMPLICIT_RETAIN_SELF = YES;
				CLANG_WARN_OBJC_LITERAL_CONVERSION = YES;
				CLANG_WARN_OBJC_ROOT_CLASS = YES_ERROR;
				CLANG_WARN_QUOTED_INCLUDE_IN_FRAMEWORK_HEADER = YES;
				CLANG_WARN_RANGE_LOOP_ANALYSIS = YES;
				CLANG_WARN_STRICT_PROTOTYPES = YES;
				CLANG_WARN_SUSPICIOUS_MOVE = YES;
				CLANG_WARN_UNGUARDED_AVAILABILITY = YES_AGGRESSIVE;
				CLANG_WARN_UNREACHABLE_CODE = YES;
				CLANG_WARN__DUPLICATE_METHOD_MATCH = YES;
				COPY_PHASE_STRIP = NO;
				DEBUG_INFORMATION_FORMAT = dwarf;
				ENABLE_STRICT_OBJC_MSGSEND = YES;
				ENABLE_TESTABILITY = YES;
				GCC_C_LANGUAGE_STANDARD = gnu11;
				GCC_DYNAMIC_NO_PIC = NO;
				GCC_NO_COMMON_BLOCKS = YES;
				GCC_OPTIMIZATION_LEVEL = 0;
				GCC_PREPROCESSOR_DEFINITIONS = (
					"DEBUG=1",
					"$(inherited)",
				);
				GCC_WARN_64_TO_32_BIT_CONVERSION = YES;
				GCC_WARN_ABOUT_RETURN_TYPE = YES_ERROR;
				GCC_WARN_UNDECLARED_SELECTOR = YES;
				GCC_WARN_UNINITIALIZED_AUTOS = YES_AGGRESSIVE;
				GCC_WARN_UNUSED_FUNCTION = YES;
				GCC_WARN_UNUSED_VARIABLE = YES;
				IPHONEOS_DEPLOYMENT_TARGET = 16.4;
				MTL_ENABLE_DEBUG_INFO = INCLUDE_SOURCE;
				MTL_FAST_MATH = YES;
				ONLY_ACTIVE_ARCH = YES;
				SDKROOT = iphoneos;
				SWIFT_ACTIVE_COMPILATION_CONDITIONS = DEBUG;
				SWIFT_OPTIMIZATION_LEVEL = "-Onone";
			};
			name = Debug;
		};
		CA790E7E29F1710800F41E4B /* Release */ = {
			isa = XCBuildConfiguration;
			buildSettings = {
				ALWAYS_SEARCH_USER_PATHS = NO;
				CLANG_ANALYZER_NONNULL = YES;
				CLANG_ANALYZER_NUMBER_OBJECT_CONVERSION = YES_AGGRESSIVE;
				CLANG_CXX_LANGUAGE_STANDARD = "gnu++20";
				CLANG_ENABLE_MODULES = YES;
				CLANG_ENABLE_OBJC_ARC = YES;
				CLANG_ENABLE_OBJC_WEAK = YES;
				CLANG_WARN_BLOCK_CAPTURE_AUTORELEASING = YES;
				CLANG_WARN_BOOL_CONVERSION = YES;
				CLANG_WARN_COMMA = YES;
				CLANG_WARN_CONSTANT_CONVERSION = YES;
				CLANG_WARN_DEPRECATED_OBJC_IMPLEMENTATIONS = YES;
				CLANG_WARN_DIRECT_OBJC_ISA_USAGE = YES_ERROR;
				CLANG_WARN_DOCUMENTATION_COMMENTS = YES;
				CLANG_WARN_EMPTY_BODY = YES;
				CLANG_WARN_ENUM_CONVERSION = YES;
				CLANG_WARN_INFINITE_RECURSION = YES;
				CLANG_WARN_INT_CONVERSION = YES;
				CLANG_WARN_NON_LITERAL_NULL_CONVERSION = YES;
				CLANG_WARN_OBJC_IMPLICIT_RETAIN_SELF = YES;
				CLANG_WARN_OBJC_LITERAL_CONVERSION = YES;
				CLANG_WARN_OBJC_ROOT_CLASS = YES_ERROR;
				CLANG_WARN_QUOTED_INCLUDE_IN_FRAMEWORK_HEADER = YES;
				CLANG_WARN_RANGE_LOOP_ANALYSIS = YES;
				CLANG_WARN_STRICT_PROTOTYPES = YES;
				CLANG_WARN_SUSPICIOUS_MOVE = YES;
				CLANG_WARN_UNGUARDED_AVAILABILITY = YES_AGGRESSIVE;
				CLANG_WARN_UNREACHABLE_CODE = YES;
				CLANG_WARN__DUPLICATE_METHOD_MATCH = YES;
				COPY_PHASE_STRIP = NO;
				DEBUG_INFORMATION_FORMAT = "dwarf-with-dsym";
				ENABLE_NS_ASSERTIONS = NO;
				ENABLE_STRICT_OBJC_MSGSEND = YES;
				GCC_C_LANGUAGE_STANDARD = gnu11;
				GCC_NO_COMMON_BLOCKS = YES;
				GCC_WARN_64_TO_32_BIT_CONVERSION = YES;
				GCC_WARN_ABOUT_RETURN_TYPE = YES_ERROR;
				GCC_WARN_UNDECLARED_SELECTOR = YES;
				GCC_WARN_UNINITIALIZED_AUTOS = YES_AGGRESSIVE;
				GCC_WARN_UNUSED_FUNCTION = YES;
				GCC_WARN_UNUSED_VARIABLE = YES;
				IPHONEOS_DEPLOYMENT_TARGET = 16.4;
				MTL_ENABLE_DEBUG_INFO = NO;
				MTL_FAST_MATH = YES;
				SDKROOT = iphoneos;
				SWIFT_COMPILATION_MODE = wholemodule;
				SWIFT_OPTIMIZATION_LEVEL = "-O";
				VALIDATE_PRODUCT = YES;
			};
			name = Release;
		};
		CA790E8029F1710800F41E4B /* Debug */ = {
			isa = XCBuildConfiguration;
			baseConfigurationReference = 94E69AF74A6172C9A705BFE9 /* Pods-AnimationChanger.debug.xcconfig */;
			buildSettings = {
				ASSETCATALOG_COMPILER_APPICON_NAME = AppIcon;
				ASSETCATALOG_COMPILER_GLOBAL_ACCENT_COLOR_NAME = AccentColor;
				CODE_SIGN_STYLE = Automatic;
				CURRENT_PROJECT_VERSION = 1;
				DEVELOPMENT_TEAM = ZW9W8KTK4N;
				GENERATE_INFOPLIST_FILE = YES;
				INFOPLIST_FILE = "AnimationChanger/Support Files/Info.plist";
				INFOPLIST_KEY_UIApplicationSupportsIndirectInputEvents = YES;
				INFOPLIST_KEY_UILaunchStoryboardName = LaunchScreen;
				INFOPLIST_KEY_UIMainStoryboardFile = Main;
				INFOPLIST_KEY_UISupportedInterfaceOrientations_iPad = "UIInterfaceOrientationPortrait UIInterfaceOrientationPortraitUpsideDown UIInterfaceOrientationLandscapeLeft UIInterfaceOrientationLandscapeRight";
				INFOPLIST_KEY_UISupportedInterfaceOrientations_iPhone = "UIInterfaceOrientationPortrait UIInterfaceOrientationLandscapeLeft UIInterfaceOrientationLandscapeRight";
				IPHONEOS_DEPLOYMENT_TARGET = 15.0;
				LD_RUNPATH_SEARCH_PATHS = (
					"$(inherited)",
					"@executable_path/Frameworks",
				);
				MARKETING_VERSION = 1.0;
				PRODUCT_BUNDLE_IDENTIFIER = TesloCorp.AnimationChanger;
				PRODUCT_NAME = "$(TARGET_NAME)";
				SWIFT_EMIT_LOC_STRINGS = YES;
				SWIFT_VERSION = 5.0;
				TARGETED_DEVICE_FAMILY = "1,2";
			};
			name = Debug;
		};
		CA790E8129F1710800F41E4B /* Release */ = {
			isa = XCBuildConfiguration;
			baseConfigurationReference = 5245AB2D01EAABB1F134A468 /* Pods-AnimationChanger.release.xcconfig */;
			buildSettings = {
				ASSETCATALOG_COMPILER_APPICON_NAME = AppIcon;
				ASSETCATALOG_COMPILER_GLOBAL_ACCENT_COLOR_NAME = AccentColor;
				CODE_SIGN_STYLE = Automatic;
				CURRENT_PROJECT_VERSION = 1;
				DEVELOPMENT_TEAM = ZW9W8KTK4N;
				GENERATE_INFOPLIST_FILE = YES;
				INFOPLIST_FILE = "AnimationChanger/Support Files/Info.plist";
				INFOPLIST_KEY_UIApplicationSupportsIndirectInputEvents = YES;
				INFOPLIST_KEY_UILaunchStoryboardName = LaunchScreen;
				INFOPLIST_KEY_UIMainStoryboardFile = Main;
				INFOPLIST_KEY_UISupportedInterfaceOrientations_iPad = "UIInterfaceOrientationPortrait UIInterfaceOrientationPortraitUpsideDown UIInterfaceOrientationLandscapeLeft UIInterfaceOrientationLandscapeRight";
				INFOPLIST_KEY_UISupportedInterfaceOrientations_iPhone = "UIInterfaceOrientationPortrait UIInterfaceOrientationLandscapeLeft UIInterfaceOrientationLandscapeRight";
				IPHONEOS_DEPLOYMENT_TARGET = 15.0;
				LD_RUNPATH_SEARCH_PATHS = (
					"$(inherited)",
					"@executable_path/Frameworks",
				);
				MARKETING_VERSION = 1.0;
				PRODUCT_BUNDLE_IDENTIFIER = TesloCorp.AnimationChanger;
				PRODUCT_NAME = "$(TARGET_NAME)";
				SWIFT_EMIT_LOC_STRINGS = YES;
				SWIFT_VERSION = 5.0;
				TARGETED_DEVICE_FAMILY = "1,2";
			};
			name = Release;
		};
/* End XCBuildConfiguration section */

/* Begin XCConfigurationList section */
		CA790E6629F1710700F41E4B /* Build configuration list for PBXProject "AnimationChanger" */ = {
			isa = XCConfigurationList;
			buildConfigurations = (
				CA790E7D29F1710800F41E4B /* Debug */,
				CA790E7E29F1710800F41E4B /* Release */,
			);
			defaultConfigurationIsVisible = 0;
			defaultConfigurationName = Release;
		};
		CA790E7F29F1710800F41E4B /* Build configuration list for PBXNativeTarget "AnimationChanger" */ = {
			isa = XCConfigurationList;
			buildConfigurations = (
				CA790E8029F1710800F41E4B /* Debug */,
				CA790E8129F1710800F41E4B /* Release */,
			);
			defaultConfigurationIsVisible = 0;
			defaultConfigurationName = Release;
		};
/* End XCConfigurationList section */
	};
	rootObject = CA790E6329F1710700F41E4B /* Project object */;
}
